github.com/linode/linodego v0.5.2-0.20180916222121-15d4ab6c221b h1:1oeOtCnxd4Fi9qWnUr0v/k1XURvWdEPGDyJLbHg4b6o=
github.com/linode/linodego v0.5.2-0.20180916222121-15d4ab6c221b/go.mod h1:ga11n3ivecUrPCHN0rANxKmfWBJVkOXfLMZinAbj2sY=
golang.org/x/net v0.0.0-20180611182652-db08ff08e862 h1:JZi6BqOZ+iSgmLWe6llhGrNnEnK+YB/MRkStwnEfbqM=
golang.org/x/net v0.0.0-20180611182652-db08ff08e862/go.mod h1:mL1N/T3taQHkDXs73rZJwtUhF3w3ftmwwsq0BUmARs4=
golang.org/x/oauth2 v0.0.0-20180821212333-d2e6202438be h1:vEDujvNQGv4jgYKudGeI/+DAX4Jffq6hpD55MmoEvKs=
golang.org/x/oauth2 v0.0.0-20180821212333-d2e6202438be/go.mod h1:N/0e6XlmueqKjAGxoOufVs8QHGRruUQn6yWY3a++T0U=
gopkg.in/resty.v1 v1.9.1 h1:Lq4EIBZ5e2J4ZWp22W2hVOYc0X1qwDDki/nNVchRbdw=
gopkg.in/resty.v1 v1.9.1/go.mod h1:vo52Hzryw9PnPHcJfPsBiFW62XhNx5OczbV9y+IMpgc=
